{
  "requires": true,
  "lockfileVersion": 1,
  "dependencies": {
    "html-to-image": {
      "version": "1.7.0",
      "resolved": "https://registry.npmjs.org/html-to-image/-/html-to-image-1.7.0.tgz",
      "integrity": "sha512-6egK8mOXMw82nLjj5g3ohERuzrTglgR9+Q6A2cqa7UiuSSKHuFxpABZJSfZztj0EdLC6tAePZJAhjPr4bbU9tw=="
    }
  }
}
